schema: '2.0'
stages:
  discover:
    cmd: tladata discover
    deps:
    - path: config/seeds/queries.yaml
      hash: md5
      md5: 1bc4e352d75f4fc15c12d149fd9d5f46
      size: 159
    - path: config/seeds/repos.yaml
      hash: md5
      md5: 161812eea84c63e89f6f90b55c9448d4
      size: 493
    - path: src/tladata/discovery
      hash: md5
      md5: a10828e11f8710780a4463c33752deef.dir
      size: 41072
      nfiles: 12
    outs:
    - path: manifests/sources/sources_latest.jsonl
      hash: md5
      md5: a68e55f9132197f3485f288ac8703b2d
      size: 5052
    - path: manifests/sources/sources_latest_formatted.jsonl
      hash: md5
      md5: e88a8fdc3e76de49de4f34218e59c13e
      size: 5900
  pull:
    cmd: tladata pull
    deps:
    - path: manifests/sources/sources_latest.jsonl
      hash: md5
      md5: a68e55f9132197f3485f288ac8703b2d
      size: 5052
    - path: src/tladata/extraction
      hash: md5
      md5: 08fc0baa25db996abc3e10bbe8c5316c.dir
      size: 50599
      nfiles: 11
    outs:
    - path: data/raw
      hash: md5
      md5: b6c70a4e99758d56f413a0b63451fc67.dir
      size: 12035696
      nfiles: 2628
  parse:
    cmd: tladata parse data/raw --output data/parsed --version 3
    deps:
    - path: data/raw
      hash: md5
      md5: c47f89adee6dd996298a4d526190c053.dir
      size: 618486
      nfiles: 227
    - path: src/tladata/parsing
      hash: md5
      md5: 8f989fd6f6561a79ae78ddf73cc487e1.dir
      size: 88342
      nfiles: 12
    outs:
    - path: data/parsed
      hash: md5
      md5: b20fbc4b1d84226132894f5dc52385c9.dir
      size: 22773073
      nfiles: 3979
